
Microsoft Visual Studio Solution File, Format Version 12.00
# Visual Studio Version 16
VisualStudioVersion = 16.0.36107.64
MinimumVisualStudioVersion = 10.0.40219.1
Project("{FAE04EC0-301F-11D3-BF4B-00C04F79EFBC}") = "WindowsFormsApp1", "WindowsFormsApp1\WindowsFormsApp1.csproj", "{A9F29CCA-9E17-42CC-9E7D-BE8C8C0BB31A}"
EndProject
Global
	GlobalSection(SolutionConfigurationPlatforms) = preSolution
		Debug|Any CPU = Debug|Any CPU
		Release|Any CPU = Release|Any CPU
	EndGlobalSection
	GlobalSection(ProjectConfigurationPlatforms) = postSolution
		{A9F29CCA-9E17-42CC-9E7D-BE8C8C0BB31A}.Debug|Any CPU.ActiveCfg = Debug|Any CPU
		{A9F29CCA-9E17-42CC-9E7D-BE8C8C0BB31A}.Debug|Any CPU.Build.0 = Debug|Any CPU
		{A9F29CCA-9E17-42CC-9E7D-BE8C8C0BB31A}.Release|Any CPU.ActiveCfg = Release|Any CPU
		{A9F29CCA-9E17-42CC-9E7D-BE8C8C0BB31A}.Release|Any CPU.Build.0 = Release|Any CPU
	EndGlobalSection
	GlobalSection(SolutionProperties) = preSolution
		HideSolutionNode = FALSE
	EndGlobalSection
	GlobalSection(ExtensibilityGlobals) = postSolution
		SolutionGuid = {9495404C-50B0-41CA-85C5-D8AC7753FF7E}
	EndGlobalSection
EndGlobal
